
Microsoft Visual Studio Solution File, Format Version 12.00
# Visual Studio Version 16
VisualStudioVersion = 16.0.31321.278
MinimumVisualStudioVersion = 10.0.40219.1
Project("{FAE04EC0-301F-11D3-BF4B-00C04F79EFBC}") = "Example.NetCore31.RestApi.Backend", "Example.NetCore31.RestApi.Backend\Example.NetCore31.RestApi.Backend.csproj", "{BAD7135E-FBD3-4264-B73E-9CCA1F850A07}"
EndProject
Global
	GlobalSection(SolutionConfigurationPlatforms) = preSolution
		Debug|Any CPU = Debug|Any CPU
		Release|Any CPU = Release|Any CPU
	EndGlobalSection
	GlobalSection(ProjectConfigurationPlatforms) = postSolution
		{BAD7135E-FBD3-4264-B73E-9CCA1F850A07}.Debug|Any CPU.ActiveCfg = Debug|Any CPU
		{BAD7135E-FBD3-4264-B73E-9CCA1F850A07}.Debug|Any CPU.Build.0 = Debug|Any CPU
		{BAD7135E-FBD3-4264-B73E-9CCA1F850A07}.Release|Any CPU.ActiveCfg = Release|Any CPU
		{BAD7135E-FBD3-4264-B73E-9CCA1F850A07}.Release|Any CPU.Build.0 = Release|Any CPU
	EndGlobalSection
	GlobalSection(SolutionProperties) = preSolution
		HideSolutionNode = FALSE
	EndGlobalSection
	GlobalSection(ExtensibilityGlobals) = postSolution
		SolutionGuid = {C2F8449E-7F7F-4E24-BB1E-41C28FE1E91F}
	EndGlobalSection
EndGlobal
