
Microsoft Visual Studio Solution File, Format Version 12.00
# Visual Studio Version 16
VisualStudioVersion = 16.0.31321.278
MinimumVisualStudioVersion = 10.0.40219.1
Project("{FAE04EC0-301F-11D3-BF4B-00C04F79EFBC}") = "Mimiware.ServiceResult", "Mimiware.ServiceResult\Mimiware.ServiceResult.csproj", "{CC9B3023-151E-436C-8F99-F4D09E6D5926}"
EndProject
Project("{FAE04EC0-301F-11D3-BF4B-00C04F79EFBC}") = "Mimiware.ServiceResult.Tests", "Mimiware.ServiceResult.Tests\Mimiware.ServiceResult.Tests.csproj", "{2A5AB7D8-36B9-45C1-90E0-505AD43BE936}"
EndProject
Global
	GlobalSection(SolutionConfigurationPlatforms) = preSolution
		Debug|Any CPU = Debug|Any CPU
		Release|Any CPU = Release|Any CPU
	EndGlobalSection
	GlobalSection(ProjectConfigurationPlatforms) = postSolution
		{CC9B3023-151E-436C-8F99-F4D09E6D5926}.Debug|Any CPU.ActiveCfg = Debug|Any CPU
		{CC9B3023-151E-436C-8F99-F4D09E6D5926}.Debug|Any CPU.Build.0 = Debug|Any CPU
		{CC9B3023-151E-436C-8F99-F4D09E6D5926}.Release|Any CPU.ActiveCfg = Release|Any CPU
		{CC9B3023-151E-436C-8F99-F4D09E6D5926}.Release|Any CPU.Build.0 = Release|Any CPU
		{2A5AB7D8-36B9-45C1-90E0-505AD43BE936}.Debug|Any CPU.ActiveCfg = Debug|Any CPU
		{2A5AB7D8-36B9-45C1-90E0-505AD43BE936}.Debug|Any CPU.Build.0 = Debug|Any CPU
		{2A5AB7D8-36B9-45C1-90E0-505AD43BE936}.Release|Any CPU.ActiveCfg = Release|Any CPU
		{2A5AB7D8-36B9-45C1-90E0-505AD43BE936}.Release|Any CPU.Build.0 = Release|Any CPU
	EndGlobalSection
	GlobalSection(SolutionProperties) = preSolution
		HideSolutionNode = FALSE
	EndGlobalSection
	GlobalSection(ExtensibilityGlobals) = postSolution
		SolutionGuid = {F00A41C1-87BC-41A7-88D2-AB61C634A7C2}
	EndGlobalSection
EndGlobal
